
Microsoft Visual Studio Solution File, Format Version 12.00
# Visual Studio Version 17
VisualStudioVersion = 17.8.34408.163
MinimumVisualStudioVersion = 10.0.40219.1
Project("{FAE04EC0-301F-11D3-BF4B-00C04F79EFBC}") = "new02", "new02\new02.csproj", "{3E90A1A9-7F6E-4051-A009-830C64395FAD}"
EndProject
Global
	GlobalSection(SolutionConfigurationPlatforms) = preSolution
		Debug|Any CPU = Debug|Any CPU
		Release|Any CPU = Release|Any CPU
	EndGlobalSection
	GlobalSection(ProjectConfigurationPlatforms) = postSolution
		{3E90A1A9-7F6E-4051-A009-830C64395FAD}.Debug|Any CPU.ActiveCfg = Debug|Any CPU
		{3E90A1A9-7F6E-4051-A009-830C64395FAD}.Debug|Any CPU.Build.0 = Debug|Any CPU
		{3E90A1A9-7F6E-4051-A009-830C64395FAD}.Release|Any CPU.ActiveCfg = Release|Any CPU
		{3E90A1A9-7F6E-4051-A009-830C64395FAD}.Release|Any CPU.Build.0 = Release|Any CPU
	EndGlobalSection
	GlobalSection(SolutionProperties) = preSolution
		HideSolutionNode = FALSE
	EndGlobalSection
	GlobalSection(ExtensibilityGlobals) = postSolution
		SolutionGuid = {2FF00FC8-8EB3-464D-9103-1F4784D45F62}
	EndGlobalSection
EndGlobal
